
Microsoft Visual Studio Solution File, Format Version 12.00
# Visual Studio Version 16
VisualStudioVersion = 16.0.28729.10
MinimumVisualStudioVersion = 10.0.40219.1
Project("{FAE04EC0-301F-11D3-BF4B-00C04F79EFBC}") = "NetCoreSqlBulkCopyBug", "NetCoreSqlBulkCopyBug\NetCoreSqlBulkCopyBug.csproj", "{4635EFE6-33D1-4698-A875-409F0B442C98}"
EndProject
Global
	GlobalSection(SolutionConfigurationPlatforms) = preSolution
		Debug|Any CPU = Debug|Any CPU
		Release|Any CPU = Release|Any CPU
	EndGlobalSection
	GlobalSection(ProjectConfigurationPlatforms) = postSolution
		{4635EFE6-33D1-4698-A875-409F0B442C98}.Debug|Any CPU.ActiveCfg = Debug|Any CPU
		{4635EFE6-33D1-4698-A875-409F0B442C98}.Debug|Any CPU.Build.0 = Debug|Any CPU
		{4635EFE6-33D1-4698-A875-409F0B442C98}.Release|Any CPU.ActiveCfg = Release|Any CPU
		{4635EFE6-33D1-4698-A875-409F0B442C98}.Release|Any CPU.Build.0 = Release|Any CPU
	EndGlobalSection
	GlobalSection(SolutionProperties) = preSolution
		HideSolutionNode = FALSE
	EndGlobalSection
	GlobalSection(ExtensibilityGlobals) = postSolution
		SolutionGuid = {39907490-DCD6-4C15-B634-E0050780DAF7}
	EndGlobalSection
EndGlobal
